// !$*UTF8*$!
{
	archiveVersion = 1;
	classes = {
	};
	objectVersion = 55;
	objects = {

/* Begin PBXBuildFile section */
		66464A68283F556C00122636 /* AppDelegate.swift in Sources */ = {isa = PBXBuildFile; fileRef = 66464A67283F556C00122636 /* AppDelegate.swift */; };
		66464A6A283F556C00122636 /* SceneDelegate.swift in Sources */ = {isa = PBXBuildFile; fileRef = 66464A69283F556C00122636 /* SceneDelegate.swift */; };
		66464A71283F556E00122636 /* Assets.xcassets in Resources */ = {isa = PBXBuildFile; fileRef = 66464A70283F556E00122636 /* Assets.xcassets */; };
		66464A74283F556E00122636 /* LaunchScreen.storyboard in Resources */ = {isa = PBXBuildFile; fileRef = 66464A72283F556E00122636 /* LaunchScreen.storyboard */; };
		66464A7F283F568500122636 /* LoginVC.swift in Sources */ = {isa = PBXBuildFile; fileRef = 66464A7E283F568500122636 /* LoginVC.swift */; };
		66464A82283F569900122636 /* BaseViewController.swift in Sources */ = {isa = PBXBuildFile; fileRef = 66464A81283F569900122636 /* BaseViewController.swift */; };
		66464A85283F585E00122636 /* SnapKit in Frameworks */ = {isa = PBXBuildFile; productRef = 66464A84283F585E00122636 /* SnapKit */; };
		66464A89283F5C0300122636 /* CustomTextField.swift in Sources */ = {isa = PBXBuildFile; fileRef = 66464A88283F5C0300122636 /* CustomTextField.swift */; };
		66464A8E283F5C9700122636 /* UIView+Extension.swift in Sources */ = {isa = PBXBuildFile; fileRef = 66464A8D283F5C9700122636 /* UIView+Extension.swift */; };
		66464A90283F5DD600122636 /* CustomTextField.xib in Resources */ = {isa = PBXBuildFile; fileRef = 66464A8F283F5DD600122636 /* CustomTextField.xib */; };
		66464A92283F6B3A00122636 /* UIButton+Extension.swift in Sources */ = {isa = PBXBuildFile; fileRef = 66464A91283F6B3A00122636 /* UIButton+Extension.swift */; };
		66464A94283F76AB00122636 /* UIColor+Extension.swift in Sources */ = {isa = PBXBuildFile; fileRef = 66464A93283F76AB00122636 /* UIColor+Extension.swift */; };
		66464A99283F8D7900122636 /* LoginInteractor.swift in Sources */ = {isa = PBXBuildFile; fileRef = 66464A98283F8D7900122636 /* LoginInteractor.swift */; };
		66464A9B283F8D8900122636 /* LoginPresenter.swift in Sources */ = {isa = PBXBuildFile; fileRef = 66464A9A283F8D8900122636 /* LoginPresenter.swift */; };
		66464A9E283F8F1900122636 /* LoginRouter.swift in Sources */ = {isa = PBXBuildFile; fileRef = 66464A9D283F8F1900122636 /* LoginRouter.swift */; };
		66464AA1283F908200122636 /* LoginEntity.swift in Sources */ = {isa = PBXBuildFile; fileRef = 66464AA0283F908200122636 /* LoginEntity.swift */; };
		66464AA4283F92CC00122636 /* LoginWorker.swift in Sources */ = {isa = PBXBuildFile; fileRef = 66464AA3283F92CC00122636 /* LoginWorker.swift */; };
		66464AA6283F973A00122636 /* AuthConfiguration.swift in Sources */ = {isa = PBXBuildFile; fileRef = 66464AA5283F973A00122636 /* AuthConfiguration.swift */; };
		66464AA8283F9DAE00122636 /* BaseError.swift in Sources */ = {isa = PBXBuildFile; fileRef = 66464AA7283F9DAE00122636 /* BaseError.swift */; };
		66464AAA283FA7BE00122636 /* ViewController.swift in Sources */ = {isa = PBXBuildFile; fileRef = 66464AA9283FA7BE00122636 /* ViewController.swift */; };
		66464AAC283FBF4A00122636 /* SigninVC.swift in Sources */ = {isa = PBXBuildFile; fileRef = 66464AAB283FBF4A00122636 /* SigninVC.swift */; };
		66464AAE283FCFA500122636 /* SigninWorker.swift in Sources */ = {isa = PBXBuildFile; fileRef = 66464AAD283FCFA500122636 /* SigninWorker.swift */; };
		66464AB0283FCFCA00122636 /* SigninEntity.swift in Sources */ = {isa = PBXBuildFile; fileRef = 66464AAF283FCFCA00122636 /* SigninEntity.swift */; };
		66464AB2283FD04100122636 /* SigninPresenter.swift in Sources */ = {isa = PBXBuildFile; fileRef = 66464AB1283FD04100122636 /* SigninPresenter.swift */; };
		66464AB4283FD07F00122636 /* SigninInteractor.swift in Sources */ = {isa = PBXBuildFile; fileRef = 66464AB3283FD07F00122636 /* SigninInteractor.swift */; };
		66464AB6283FD7E000122636 /* SigninRouter.swift in Sources */ = {isa = PBXBuildFile; fileRef = 66464AB5283FD7E000122636 /* SigninRouter.swift */; };
		66CEA9AB2844AB5800EA76D9 /* BaseApi.swift in Sources */ = {isa = PBXBuildFile; fileRef = 66CEA9AA2844AB5800EA76D9 /* BaseApi.swift */; };
		66CEA9B72844ABA400EA76D9 /* RequestError.swift in Sources */ = {isa = PBXBuildFile; fileRef = 66CEA9AF2844ABA400EA76D9 /* RequestError.swift */; };
		66CEA9B82844ABA400EA76D9 /* SomeApiService.swift in Sources */ = {isa = PBXBuildFile; fileRef = 66CEA9B12844ABA400EA76D9 /* SomeApiService.swift */; };
		66CEA9B92844ABA400EA76D9 /* NetworkProvider.swift in Sources */ = {isa = PBXBuildFile; fileRef = 66CEA9B22844ABA400EA76D9 /* NetworkProvider.swift */; };
		66CEA9BA2844ABA400EA76D9 /* SomeApi.swift in Sources */ = {isa = PBXBuildFile; fileRef = 66CEA9B42844ABA400EA76D9 /* SomeApi.swift */; };
/* End PBXBuildFile section */

/* Begin PBXFileReference section */
		66464A64283F556C00122636 /* AuthTemplate.app */ = {isa = PBXFileReference; explicitFileType = wrapper.application; includeInIndex = 0; path = AuthTemplate.app; sourceTree = BUILT_PRODUCTS_DIR; };
		66464A67283F556C00122636 /* AppDelegate.swift */ = {isa = PBXFileReference; lastKnownFileType = sourcecode.swift; path = AppDelegate.swift; sourceTree = "<group>"; };
		66464A69283F556C00122636 /* SceneDelegate.swift */ = {isa = PBXFileReference; lastKnownFileType = sourcecode.swift; path = SceneDelegate.swift; sourceTree = "<group>"; };
		66464A70283F556E00122636 /* Assets.xcassets */ = {isa = PBXFileReference; lastKnownFileType = folder.assetcatalog; path = Assets.xcassets; sourceTree = "<group>"; };
		66464A73283F556E00122636 /* Base */ = {isa = PBXFileReference; lastKnownFileType = file.storyboard; name = Base; path = Base.lproj/LaunchScreen.storyboard; sourceTree = "<group>"; };
		66464A75283F556E00122636 /* Info.plist */ = {isa = PBXFileReference; lastKnownFileType = text.plist.xml; path = Info.plist; sourceTree = "<group>"; };
		66464A7E283F568500122636 /* LoginVC.swift */ = {isa = PBXFileReference; lastKnownFileType = sourcecode.swift; path = LoginVC.swift; sourceTree = "<group>"; };
		66464A81283F569900122636 /* BaseViewController.swift */ = {isa = PBXFileReference; lastKnownFileType = sourcecode.swift; path = BaseViewController.swift; sourceTree = "<group>"; };
		66464A88283F5C0300122636 /* CustomTextField.swift */ = {isa = PBXFileReference; lastKnownFileType = sourcecode.swift; path = CustomTextField.swift; sourceTree = "<group>"; };
		66464A8D283F5C9700122636 /* UIView+Extension.swift */ = {isa = PBXFileReference; lastKnownFileType = sourcecode.swift; path = "UIView+Extension.swift"; sourceTree = "<group>"; };
		66464A8F283F5DD600122636 /* CustomTextField.xib */ = {isa = PBXFileReference; lastKnownFileType = file.xib; path = CustomTextField.xib; sourceTree = "<group>"; };
		66464A91283F6B3A00122636 /* UIButton+Extension.swift */ = {isa = PBXFileReference; lastKnownFileType = sourcecode.swift; path = "UIButton+Extension.swift"; sourceTree = "<group>"; };
		66464A93283F76AB00122636 /* UIColor+Extension.swift */ = {isa = PBXFileReference; lastKnownFileType = sourcecode.swift; path = "UIColor+Extension.swift"; sourceTree = "<group>"; };
		66464A98283F8D7900122636 /* LoginInteractor.swift */ = {isa = PBXFileReference; lastKnownFileType = sourcecode.swift; path = LoginInteractor.swift; sourceTree = "<group>"; };
		66464A9A283F8D8900122636 /* LoginPresenter.swift */ = {isa = PBXFileReference; lastKnownFileType = sourcecode.swift; path = LoginPresenter.swift; sourceTree = "<group>"; };
		66464A9D283F8F1900122636 /* LoginRouter.swift */ = {isa = PBXFileReference; lastKnownFileType = sourcecode.swift; path = LoginRouter.swift; sourceTree = "<group>"; };
		66464AA0283F908200122636 /* LoginEntity.swift */ = {isa = PBXFileReference; lastKnownFileType = sourcecode.swift; path = LoginEntity.swift; sourceTree = "<group>"; };
		66464AA3283F92CC00122636 /* LoginWorker.swift */ = {isa = PBXFileReference; lastKnownFileType = sourcecode.swift; path = LoginWorker.swift; sourceTree = "<group>"; };
		66464AA5283F973A00122636 /* AuthConfiguration.swift */ = {isa = PBXFileReference; lastKnownFileType = sourcecode.swift; path = AuthConfiguration.swift; sourceTree = "<group>"; };
		66464AA7283F9DAE00122636 /* BaseError.swift */ = {isa = PBXFileReference; lastKnownFileType = sourcecode.swift; path = BaseError.swift; sourceTree = "<group>"; };
		66464AA9283FA7BE00122636 /* ViewController.swift */ = {isa = PBXFileReference; lastKnownFileType = sourcecode.swift; path = ViewController.swift; sourceTree = "<group>"; };
		66464AAB283FBF4A00122636 /* SigninVC.swift */ = {isa = PBXFileReference; lastKnownFileType = sourcecode.swift; path = SigninVC.swift; sourceTree = "<group>"; };
		66464AAD283FCFA500122636 /* SigninWorker.swift */ = {isa = PBXFileReference; lastKnownFileType = sourcecode.swift; path = SigninWorker.swift; sourceTree = "<group>"; };
		66464AAF283FCFCA00122636 /* SigninEntity.swift */ = {isa = PBXFileReference; lastKnownFileType = sourcecode.swift; path = SigninEntity.swift; sourceTree = "<group>"; };
		66464AB1283FD04100122636 /* SigninPresenter.swift */ = {isa = PBXFileReference; lastKnownFileType = sourcecode.swift; path = SigninPresenter.swift; sourceTree = "<group>"; };
		66464AB3283FD07F00122636 /* SigninInteractor.swift */ = {isa = PBXFileReference; lastKnownFileType = sourcecode.swift; path = SigninInteractor.swift; sourceTree = "<group>"; };
		66464AB5283FD7E000122636 /* SigninRouter.swift */ = {isa = PBXFileReference; lastKnownFileType = sourcecode.swift; path = SigninRouter.swift; sourceTree = "<group>"; };
		66CEA9AA2844AB5800EA76D9 /* BaseApi.swift */ = {isa = PBXFileReference; lastKnownFileType = sourcecode.swift; path = BaseApi.swift; sourceTree = "<group>"; };
		66CEA9AF2844ABA400EA76D9 /* RequestError.swift */ = {isa = PBXFileReference; fileEncoding = 4; lastKnownFileType = sourcecode.swift; path = RequestError.swift; sourceTree = "<group>"; };
		66CEA9B12844ABA400EA76D9 /* SomeApiService.swift */ = {isa = PBXFileReference; fileEncoding = 4; lastKnownFileType = sourcecode.swift; path = SomeApiService.swift; sourceTree = "<group>"; };
		66CEA9B22844ABA400EA76D9 /* NetworkProvider.swift */ = {isa = PBXFileReference; fileEncoding = 4; lastKnownFileType = sourcecode.swift; path = NetworkProvider.swift; sourceTree = "<group>"; };
		66CEA9B42844ABA400EA76D9 /* SomeApi.swift */ = {isa = PBXFileReference; fileEncoding = 4; lastKnownFileType = sourcecode.swift; path = SomeApi.swift; sourceTree = "<group>"; };
/* End PBXFileReference section */

/* Begin PBXFrameworksBuildPhase section */
		66464A61283F556C00122636 /* Frameworks */ = {
			isa = PBXFrameworksBuildPhase;
			buildActionMask = 2147483647;
			files = (
				66464A85283F585E00122636 /* SnapKit in Frameworks */,
			);
			runOnlyForDeploymentPostprocessing = 0;
		};
/* End PBXFrameworksBuildPhase section */

/* Begin PBXGroup section */
		66464A5B283F556C00122636 = {
			isa = PBXGroup;
			children = (
				66464A66283F556C00122636 /* AuthTemplate */,
				66464A65283F556C00122636 /* Products */,
			);
			sourceTree = "<group>";
		};
		66464A65283F556C00122636 /* Products */ = {
			isa = PBXGroup;
			children = (
				66464A64283F556C00122636 /* AuthTemplate.app */,
			);
			name = Products;
			sourceTree = "<group>";
		};
		66464A66283F556C00122636 /* AuthTemplate */ = {
			isa = PBXGroup;
			children = (
				66CEA9AC2844AB6900EA76D9 /* Networking */,
				66464A8C283F5C8B00122636 /* Extensions */,
				66464A86283F5BDF00122636 /* UI */,
				66464A80283F568D00122636 /* Base */,
				66464A7D283F567300122636 /* Auth */,
				66464A7C283F564900122636 /* Resources */,
				66464A7B283F562D00122636 /* Application */,
				66464AA9283FA7BE00122636 /* ViewController.swift */,
			);
			path = AuthTemplate;
			sourceTree = "<group>";
		};
		66464A7B283F562D00122636 /* Application */ = {
			isa = PBXGroup;
			children = (
				66464A67283F556C00122636 /* AppDelegate.swift */,
				66464A69283F556C00122636 /* SceneDelegate.swift */,
			);
			path = Application;
			sourceTree = "<group>";
		};
		66464A7C283F564900122636 /* Resources */ = {
			isa = PBXGroup;
			children = (
				66464A75283F556E00122636 /* Info.plist */,
				66464A70283F556E00122636 /* Assets.xcassets */,
				66464A72283F556E00122636 /* LaunchScreen.storyboard */,
			);
			path = Resources;
			sourceTree = "<group>";
		};
		66464A7D283F567300122636 /* Auth */ = {
			isa = PBXGroup;
			children = (
				66464AA2283F92C300122636 /* Worker */,
				66464A9F283F907700122636 /* Entity */,
				66464A9C283F8F1000122636 /* Router */,
				66464A97283F8D6800122636 /* Presenter */,
				66464A96283F8D6100122636 /* Interactor */,
				66464A95283F8D5B00122636 /* View */,
				66464AA5283F973A00122636 /* AuthConfiguration.swift */,
			);
			path = Auth;
			sourceTree = "<group>";
		};
		66464A80283F568D00122636 /* Base */ = {
			isa = PBXGroup;
			children = (
				66464A81283F569900122636 /* BaseViewController.swift */,
				66464AA7283F9DAE00122636 /* BaseError.swift */,
				66CEA9AA2844AB5800EA76D9 /* BaseApi.swift */,
			);
			path = Base;
			sourceTree = "<group>";
		};
		66464A86283F5BDF00122636 /* UI */ = {
			isa = PBXGroup;
			children = (
				66464A87283F5BEB00122636 /* Custom views */,
			);
			path = UI;
			sourceTree = "<group>";
		};
		66464A87283F5BEB00122636 /* Custom views */ = {
			isa = PBXGroup;
			children = (
				66464A88283F5C0300122636 /* CustomTextField.swift */,
				66464A8F283F5DD600122636 /* CustomTextField.xib */,
			);
			path = "Custom views";
			sourceTree = "<group>";
		};
		66464A8C283F5C8B00122636 /* Extensions */ = {
			isa = PBXGroup;
			children = (
				66464A8D283F5C9700122636 /* UIView+Extension.swift */,
				66464A91283F6B3A00122636 /* UIButton+Extension.swift */,
				66464A93283F76AB00122636 /* UIColor+Extension.swift */,
			);
			path = Extensions;
			sourceTree = "<group>";
		};
		66464A95283F8D5B00122636 /* View */ = {
			isa = PBXGroup;
			children = (
				66464A7E283F568500122636 /* LoginVC.swift */,
				66464AAB283FBF4A00122636 /* SigninVC.swift */,
			);
			path = View;
			sourceTree = "<group>";
		};
		66464A96283F8D6100122636 /* Interactor */ = {
			isa = PBXGroup;
			children = (
				66464A98283F8D7900122636 /* LoginInteractor.swift */,
				66464AB3283FD07F00122636 /* SigninInteractor.swift */,
			);
			path = Interactor;
			sourceTree = "<group>";
		};
		66464A97283F8D6800122636 /* Presenter */ = {
			isa = PBXGroup;
			children = (
				66464A9A283F8D8900122636 /* LoginPresenter.swift */,
				66464AB1283FD04100122636 /* SigninPresenter.swift */,
			);
			path = Presenter;
			sourceTree = "<group>";
		};
		66464A9C283F8F1000122636 /* Router */ = {
			isa = PBXGroup;
			children = (
				66464A9D283F8F1900122636 /* LoginRouter.swift */,
				66464AB5283FD7E000122636 /* SigninRouter.swift */,
			);
			path = Router;
			sourceTree = "<group>";
		};
		66464A9F283F907700122636 /* Entity */ = {
			isa = PBXGroup;
			children = (
				66464AA0283F908200122636 /* LoginEntity.swift */,
				66464AAF283FCFCA00122636 /* SigninEntity.swift */,
			);
			path = Entity;
			sourceTree = "<group>";
		};
		66464AA2283F92C300122636 /* Worker */ = {
			isa = PBXGroup;
			children = (
				66464AA3283F92CC00122636 /* LoginWorker.swift */,
				66464AAD283FCFA500122636 /* SigninWorker.swift */,
			);
			path = Worker;
			sourceTree = "<group>";
		};
		66CEA9AC2844AB6900EA76D9 /* Networking */ = {
			isa = PBXGroup;
			children = (
				66CEA9B02844ABA400EA76D9 /* Services */,
				66CEA9B32844ABA400EA76D9 /* Api */,
				66CEA9B22844ABA400EA76D9 /* NetworkProvider.swift */,
				66CEA9AF2844ABA400EA76D9 /* RequestError.swift */,
			);
			path = Networking;
			sourceTree = "<group>";
		};
		66CEA9B02844ABA400EA76D9 /* Services */ = {
			isa = PBXGroup;
			children = (
				66CEA9B12844ABA400EA76D9 /* SomeApiService.swift */,
			);
			path = Services;
			sourceTree = "<group>";
		};
		66CEA9B32844ABA400EA76D9 /* Api */ = {
			isa = PBXGroup;
			children = (
				66CEA9B42844ABA400EA76D9 /* SomeApi.swift */,
			);
			path = Api;
			sourceTree = "<group>";
		};
/* End PBXGroup section */

/* Begin PBXNativeTarget section */
		66464A63283F556C00122636 /* AuthTemplate */ = {
			isa = PBXNativeTarget;
			buildConfigurationList = 66464A78283F556E00122636 /* Build configuration list for PBXNativeTarget "AuthTemplate" */;
			buildPhases = (
				66464A60283F556C00122636 /* Sources */,
				66464A61283F556C00122636 /* Frameworks */,
				66464A62283F556C00122636 /* Resources */,
			);
			buildRules = (
			);
			dependencies = (
			);
			name = AuthTemplate;
			packageProductDependencies = (
				66464A84283F585E00122636 /* SnapKit */,
			);
			productName = AuthTemplate;
			productReference = 66464A64283F556C00122636 /* AuthTemplate.app */;
			productType = "com.apple.product-type.application";
		};
/* End PBXNativeTarget section */

/* Begin PBXProject section */
		66464A5C283F556C00122636 /* Project object */ = {
			isa = PBXProject;
			attributes = {
				BuildIndependentTargetsInParallel = 1;
				LastSwiftUpdateCheck = 1320;
				LastUpgradeCheck = 1320;
				TargetAttributes = {
					66464A63283F556C00122636 = {
						CreatedOnToolsVersion = 13.2.1;
					};
				};
			};
			buildConfigurationList = 66464A5F283F556C00122636 /* Build configuration list for PBXProject "AuthTemplate" */;
			compatibilityVersion = "Xcode 13.0";
			developmentRegion = en;
			hasScannedForEncodings = 0;
			knownRegions = (
				en,
				Base,
			);
			mainGroup = 66464A5B283F556C00122636;
			packageReferences = (
				66464A83283F585E00122636 /* XCRemoteSwiftPackageReference "SnapKit" */,
			);
			productRefGroup = 66464A65283F556C00122636 /* Products */;
			projectDirPath = "";
			projectRoot = "";
			targets = (
				66464A63283F556C00122636 /* AuthTemplate */,
			);
		};
/* End PBXProject section */

/* Begin PBXResourcesBuildPhase section */
		66464A62283F556C00122636 /* Resources */ = {
			isa = PBXResourcesBuildPhase;
			buildActionMask = 2147483647;
			files = (
				66464A74283F556E00122636 /* LaunchScreen.storyboard in Resources */,
				66464A71283F556E00122636 /* Assets.xcassets in Resources */,
				66464A90283F5DD600122636 /* CustomTextField.xib in Resources */,
			);
			runOnlyForDeploymentPostprocessing = 0;
		};
/* End PBXResourcesBuildPhase section */

/* Begin PBXSourcesBuildPhase section */
		66464A60283F556C00122636 /* Sources */ = {
			isa = PBXSourcesBuildPhase;
			buildActionMask = 2147483647;
			files = (
				66464AB6283FD7E000122636 /* SigninRouter.swift in Sources */,
				66CEA9BA2844ABA400EA76D9 /* SomeApi.swift in Sources */,
				66464A8E283F5C9700122636 /* UIView+Extension.swift in Sources */,
				66464A68283F556C00122636 /* AppDelegate.swift in Sources */,
				66464AA4283F92CC00122636 /* LoginWorker.swift in Sources */,
				66464AA1283F908200122636 /* LoginEntity.swift in Sources */,
				66464AA8283F9DAE00122636 /* BaseError.swift in Sources */,
				66464AA6283F973A00122636 /* AuthConfiguration.swift in Sources */,
				66464A82283F569900122636 /* BaseViewController.swift in Sources */,
				66464A6A283F556C00122636 /* SceneDelegate.swift in Sources */,
				66464AB2283FD04100122636 /* SigninPresenter.swift in Sources */,
				66464A9B283F8D8900122636 /* LoginPresenter.swift in Sources */,
				66CEA9AB2844AB5800EA76D9 /* BaseApi.swift in Sources */,
				66464A7F283F568500122636 /* LoginVC.swift in Sources */,
				66464A89283F5C0300122636 /* CustomTextField.swift in Sources */,
				66464AB4283FD07F00122636 /* SigninInteractor.swift in Sources */,
				66464A92283F6B3A00122636 /* UIButton+Extension.swift in Sources */,
				66464A9E283F8F1900122636 /* LoginRouter.swift in Sources */,
				66464AAE283FCFA500122636 /* SigninWorker.swift in Sources */,
				66CEA9B82844ABA400EA76D9 /* SomeApiService.swift in Sources */,
				66CEA9B92844ABA400EA76D9 /* NetworkProvider.swift in Sources */,
				66464AB0283FCFCA00122636 /* SigninEntity.swift in Sources */,
				66464AAC283FBF4A00122636 /* SigninVC.swift in Sources */,
				66CEA9B72844ABA400EA76D9 /* RequestError.swift in Sources */,
				66464A94283F76AB00122636 /* UIColor+Extension.swift in Sources */,
				66464AAA283FA7BE00122636 /* ViewController.swift in Sources */,
				66464A99283F8D7900122636 /* LoginInteractor.swift in Sources */,
			);
			runOnlyForDeploymentPostprocessing = 0;
		};
/* End PBXSourcesBuildPhase section */

/* Begin PBXVariantGroup section */
		66464A72283F556E00122636 /* LaunchScreen.storyboard */ = {
			isa = PBXVariantGroup;
			children = (
				66464A73283F556E00122636 /* Base */,
			);
			name = LaunchScreen.storyboard;
			sourceTree = "<group>";
		};
/* End PBXVariantGroup section */

/* Begin XCBuildConfiguration section */
		66464A76283F556E00122636 /* Debug */ = {
			isa = XCBuildConfiguration;
			buildSettings = {
				ALWAYS_SEARCH_USER_PATHS = NO;
				CLANG_ANALYZER_NONNULL = YES;
				CLANG_ANALYZER_NUMBER_OBJECT_CONVERSION = YES_AGGRESSIVE;
				CLANG_CXX_LANGUAGE_STANDARD = "gnu++17";
				CLANG_CXX_LIBRARY = "libc++";
				CLANG_ENABLE_MODULES = YES;
				CLANG_ENABLE_OBJC_ARC = YES;
				CLANG_ENABLE_OBJC_WEAK = YES;
				CLANG_WARN_BLOCK_CAPTURE_AUTORELEASING = YES;
				CLANG_WARN_BOOL_CONVERSION = YES;
				CLANG_WARN_COMMA = YES;
				CLANG_WARN_CONSTANT_CONVERSION = YES;
				CLANG_WARN_DEPRECATED_OBJC_IMPLEMENTATIONS = YES;
				CLANG_WARN_DIRECT_OBJC_ISA_USAGE = YES_ERROR;
				CLANG_WARN_DOCUMENTATION_COMMENTS = YES;
				CLANG_WARN_EMPTY_BODY = YES;
				CLANG_WARN_ENUM_CONVERSION = YES;
				CLANG_WARN_INFINITE_RECURSION = YES;
				CLANG_WARN_INT_CONVERSION = YES;
				CLANG_WARN_NON_LITERAL_NULL_CONVERSION = YES;
				CLANG_WARN_OBJC_IMPLICIT_RETAIN_SELF = YES;
				CLANG_WARN_OBJC_LITERAL_CONVERSION = YES;
				CLANG_WARN_OBJC_ROOT_CLASS = YES_ERROR;
				CLANG_WARN_QUOTED_INCLUDE_IN_FRAMEWORK_HEADER = YES;
				CLANG_WARN_RANGE_LOOP_ANALYSIS = YES;
				CLANG_WARN_STRICT_PROTOTYPES = YES;
				CLANG_WARN_SUSPICIOUS_MOVE = YES;
				CLANG_WARN_UNGUARDED_AVAILABILITY = YES_AGGRESSIVE;
				CLANG_WARN_UNREACHABLE_CODE = YES;
				CLANG_WARN__DUPLICATE_METHOD_MATCH = YES;
				COPY_PHASE_STRIP = NO;
				DEBUG_INFORMATION_FORMAT = dwarf;
				ENABLE_STRICT_OBJC_MSGSEND = YES;
				ENABLE_TESTABILITY = YES;
				GCC_C_LANGUAGE_STANDARD = gnu11;
				GCC_DYNAMIC_NO_PIC = NO;
				GCC_NO_COMMON_BLOCKS = YES;
				GCC_OPTIMIZATION_LEVEL = 0;
				GCC_PREPROCESSOR_DEFINITIONS = (
					"DEBUG=1",
					"$(inherited)",
				);
				GCC_WARN_64_TO_32_BIT_CONVERSION = YES;
				GCC_WARN_ABOUT_RETURN_TYPE = YES_ERROR;
				GCC_WARN_UNDECLARED_SELECTOR = YES;
				GCC_WARN_UNINITIALIZED_AUTOS = YES_AGGRESSIVE;
				GCC_WARN_UNUSED_FUNCTION = YES;
				GCC_WARN_UNUSED_VARIABLE = YES;
				IPHONEOS_DEPLOYMENT_TARGET = 14.1;
				MTL_ENABLE_DEBUG_INFO = INCLUDE_SOURCE;
				MTL_FAST_MATH = YES;
				ONLY_ACTIVE_ARCH = YES;
				SDKROOT = iphoneos;
				SWIFT_ACTIVE_COMPILATION_CONDITIONS = DEBUG;
				SWIFT_OPTIMIZATION_LEVEL = "-Onone";
			};
			name = Debug;
		};
		66464A77283F556E00122636 /* Release */ = {
			isa = XCBuildConfiguration;
			buildSettings = {
				ALWAYS_SEARCH_USER_PATHS = NO;
				CLANG_ANALYZER_NONNULL = YES;
				CLANG_ANALYZER_NUMBER_OBJECT_CONVERSION = YES_AGGRESSIVE;
				CLANG_CXX_LANGUAGE_STANDARD = "gnu++17";
				CLANG_CXX_LIBRARY = "libc++";
				CLANG_ENABLE_MODULES = YES;
				CLANG_ENABLE_OBJC_ARC = YES;
				CLANG_ENABLE_OBJC_WEAK = YES;
				CLANG_WARN_BLOCK_CAPTURE_AUTORELEASING = YES;
				CLANG_WARN_BOOL_CONVERSION = YES;
				CLANG_WARN_COMMA = YES;
				CLANG_WARN_CONSTANT_CONVERSION = YES;
				CLANG_WARN_DEPRECATED_OBJC_IMPLEMENTATIONS = YES;
				CLANG_WARN_DIRECT_OBJC_ISA_USAGE = YES_ERROR;
				CLANG_WARN_DOCUMENTATION_COMMENTS = YES;
				CLANG_WARN_EMPTY_BODY = YES;
				CLANG_WARN_ENUM_CONVERSION = YES;
				CLANG_WARN_INFINITE_RECURSION = YES;
				CLANG_WARN_INT_CONVERSION = YES;
				CLANG_WARN_NON_LITERAL_NULL_CONVERSION = YES;
				CLANG_WARN_OBJC_IMPLICIT_RETAIN_SELF = YES;
				CLANG_WARN_OBJC_LITERAL_CONVERSION = YES;
				CLANG_WARN_OBJC_ROOT_CLASS = YES_ERROR;
				CLANG_WARN_QUOTED_INCLUDE_IN_FRAMEWORK_HEADER = YES;
				CLANG_WARN_RANGE_LOOP_ANALYSIS = YES;
				CLANG_WARN_STRICT_PROTOTYPES = YES;
				CLANG_WARN_SUSPICIOUS_MOVE = YES;
				CLANG_WARN_UNGUARDED_AVAILABILITY = YES_AGGRESSIVE;
				CLANG_WARN_UNREACHABLE_CODE = YES;
				CLANG_WARN__DUPLICATE_METHOD_MATCH = YES;
				COPY_PHASE_STRIP = NO;
				DEBUG_INFORMATION_FORMAT = "dwarf-with-dsym";
				ENABLE_NS_ASSERTIONS = NO;
				ENABLE_STRICT_OBJC_MSGSEND = YES;
				GCC_C_LANGUAGE_STANDARD = gnu11;
				GCC_NO_COMMON_BLOCKS = YES;
				GCC_WARN_64_TO_32_BIT_CONVERSION = YES;
				GCC_WARN_ABOUT_RETURN_TYPE = YES_ERROR;
				GCC_WARN_UNDECLARED_SELECTOR = YES;
				GCC_WARN_UNINITIALIZED_AUTOS = YES_AGGRESSIVE;
				GCC_WARN_UNUSED_FUNCTION = YES;
				GCC_WARN_UNUSED_VARIABLE = YES;
				IPHONEOS_DEPLOYMENT_TARGET = 14.1;
				MTL_ENABLE_DEBUG_INFO = NO;
				MTL_FAST_MATH = YES;
				SDKROOT = iphoneos;
				SWIFT_COMPILATION_MODE = wholemodule;
				SWIFT_OPTIMIZATION_LEVEL = "-O";
				VALIDATE_PRODUCT = YES;
			};
			name = Release;
		};
		66464A79283F556E00122636 /* Debug */ = {
			isa = XCBuildConfiguration;
			buildSettings = {
				ASSETCATALOG_COMPILER_APPICON_NAME = AppIcon;
				ASSETCATALOG_COMPILER_GLOBAL_ACCENT_COLOR_NAME = AccentColor;
				CODE_SIGN_STYLE = Automatic;
				CURRENT_PROJECT_VERSION = 1;
				DEVELOPMENT_TEAM = M9AFY49SW2;
				GENERATE_INFOPLIST_FILE = YES;
				INFOPLIST_FILE = AuthTemplate/Resources/Info.plist;
				INFOPLIST_KEY_UIApplicationSupportsIndirectInputEvents = YES;
				INFOPLIST_KEY_UILaunchStoryboardName = LaunchScreen;
				INFOPLIST_KEY_UISupportedInterfaceOrientations = UIInterfaceOrientationPortrait;
				INFOPLIST_KEY_UISupportedInterfaceOrientations_iPad = "UIInterfaceOrientationPortrait UIInterfaceOrientationPortraitUpsideDown UIInterfaceOrientationLandscapeLeft UIInterfaceOrientationLandscapeRight";
				INFOPLIST_KEY_UISupportedInterfaceOrientations_iPhone = "UIInterfaceOrientationPortrait UIInterfaceOrientationLandscapeLeft UIInterfaceOrientationLandscapeRight";
				LD_RUNPATH_SEARCH_PATHS = (
					"$(inherited)",
					"@executable_path/Frameworks",
				);
				MARKETING_VERSION = 1.0;
				PRODUCT_BUNDLE_IDENTIFIER = app.auth.template;
				PRODUCT_NAME = "$(TARGET_NAME)";
				SWIFT_EMIT_LOC_STRINGS = YES;
				SWIFT_VERSION = 5.0;
				TARGETED_DEVICE_FAMILY = 1;
			};
			name = Debug;
		};
		66464A7A283F556E00122636 /* Release */ = {
			isa = XCBuildConfiguration;
			buildSettings = {
				ASSETCATALOG_COMPILER_APPICON_NAME = AppIcon;
				ASSETCATALOG_COMPILER_GLOBAL_ACCENT_COLOR_NAME = AccentColor;
				CODE_SIGN_STYLE = Automatic;
				CURRENT_PROJECT_VERSION = 1;
				DEVELOPMENT_TEAM = M9AFY49SW2;
				GENERATE_INFOPLIST_FILE = YES;
				INFOPLIST_FILE = AuthTemplate/Resources/Info.plist;
				INFOPLIST_KEY_UIApplicationSupportsIndirectInputEvents = YES;
				INFOPLIST_KEY_UILaunchStoryboardName = LaunchScreen;
				INFOPLIST_KEY_UISupportedInterfaceOrientations = UIInterfaceOrientationPortrait;
				INFOPLIST_KEY_UISupportedInterfaceOrientations_iPad = "UIInterfaceOrientationPortrait UIInterfaceOrientationPortraitUpsideDown UIInterfaceOrientationLandscapeLeft UIInterfaceOrientationLandscapeRight";
				INFOPLIST_KEY_UISupportedInterfaceOrientations_iPhone = "UIInterfaceOrientationPortrait UIInterfaceOrientationLandscapeLeft UIInterfaceOrientationLandscapeRight";
				LD_RUNPATH_SEARCH_PATHS = (
					"$(inherited)",
					"@executable_path/Frameworks",
				);
				MARKETING_VERSION = 1.0;
				PRODUCT_BUNDLE_IDENTIFIER = app.auth.template;
				PRODUCT_NAME = "$(TARGET_NAME)";
				SWIFT_EMIT_LOC_STRINGS = YES;
				SWIFT_VERSION = 5.0;
				TARGETED_DEVICE_FAMILY = 1;
			};
			name = Release;
		};
/* End XCBuildConfiguration section */

/* Begin XCConfigurationList section */
		66464A5F283F556C00122636 /* Build configuration list for PBXProject "AuthTemplate" */ = {
			isa = XCConfigurationList;
			buildConfigurations = (
				66464A76283F556E00122636 /* Debug */,
				66464A77283F556E00122636 /* Release */,
			);
			defaultConfigurationIsVisible = 0;
			defaultConfigurationName = Release;
		};
		66464A78283F556E00122636 /* Build configuration list for PBXNativeTarget "AuthTemplate" */ = {
			isa = XCConfigurationList;
			buildConfigurations = (
				66464A79283F556E00122636 /* Debug */,
				66464A7A283F556E00122636 /* Release */,
			);
			defaultConfigurationIsVisible = 0;
			defaultConfigurationName = Release;
		};
/* End XCConfigurationList section */

/* Begin XCRemoteSwiftPackageReference section */
		66464A83283F585E00122636 /* XCRemoteSwiftPackageReference "SnapKit" */ = {
			isa = XCRemoteSwiftPackageReference;
			repositoryURL = "https://github.com/SnapKit/SnapKit";
			requirement = {
				branch = develop;
				kind = branch;
			};
		};
/* End XCRemoteSwiftPackageReference section */

/* Begin XCSwiftPackageProductDependency section */
		66464A84283F585E00122636 /* SnapKit */ = {
			isa = XCSwiftPackageProductDependency;
			package = 66464A83283F585E00122636 /* XCRemoteSwiftPackageReference "SnapKit" */;
			productName = SnapKit;
		};
/* End XCSwiftPackageProductDependency section */
	};
	rootObject = 66464A5C283F556C00122636 /* Project object */;
}
